
Microsoft Visual Studio Solution File, Format Version 12.00
# Visual Studio Version 16
VisualStudioVersion = 16.0.31624.102
MinimumVisualStudioVersion = 10.0.40219.1
Project("{FAE04EC0-301F-11D3-BF4B-00C04F79EFBC}") = "Assignments", "Assignments.csproj", "{78A3C275-4A17-4450-9D80-D1F88E534F25}"
EndProject
Global
	GlobalSection(SolutionConfigurationPlatforms) = preSolution
		Debug|Any CPU = Debug|Any CPU
		Release|Any CPU = Release|Any CPU
	EndGlobalSection
	GlobalSection(ProjectConfigurationPlatforms) = postSolution
		{78A3C275-4A17-4450-9D80-D1F88E534F25}.Debug|Any CPU.ActiveCfg = Debug|Any CPU
		{78A3C275-4A17-4450-9D80-D1F88E534F25}.Debug|Any CPU.Build.0 = Debug|Any CPU
		{78A3C275-4A17-4450-9D80-D1F88E534F25}.Release|Any CPU.ActiveCfg = Release|Any CPU
		{78A3C275-4A17-4450-9D80-D1F88E534F25}.Release|Any CPU.Build.0 = Release|Any CPU
	EndGlobalSection
	GlobalSection(SolutionProperties) = preSolution
		HideSolutionNode = FALSE
	EndGlobalSection
	GlobalSection(ExtensibilityGlobals) = postSolution
		SolutionGuid = {A745E294-93B9-4343-8840-A4CE8A783627}
	EndGlobalSection
EndGlobal
